
Microsoft Visual Studio Solution File, Format Version 12.00
# Visual Studio Version 17
VisualStudioVersion = 17.10.35013.160
MinimumVisualStudioVersion = 10.0.40219.1
Project("{FAE04EC0-301F-11D3-BF4B-00C04F79EFBC}") = "ConsoleApp2", "ConsoleApp2\ConsoleApp2.csproj", "{58C40B20-7A1A-48D5-92B3-906A70AFA2AD}"
EndProject
Global
	GlobalSection(SolutionConfigurationPlatforms) = preSolution
		Debug|Any CPU = Debug|Any CPU
		Release|Any CPU = Release|Any CPU
	EndGlobalSection
	GlobalSection(ProjectConfigurationPlatforms) = postSolution
		{58C40B20-7A1A-48D5-92B3-906A70AFA2AD}.Debug|Any CPU.ActiveCfg = Debug|Any CPU
		{58C40B20-7A1A-48D5-92B3-906A70AFA2AD}.Debug|Any CPU.Build.0 = Debug|Any CPU
		{58C40B20-7A1A-48D5-92B3-906A70AFA2AD}.Release|Any CPU.ActiveCfg = Release|Any CPU
		{58C40B20-7A1A-48D5-92B3-906A70AFA2AD}.Release|Any CPU.Build.0 = Release|Any CPU
	EndGlobalSection
	GlobalSection(SolutionProperties) = preSolution
		HideSolutionNode = FALSE
	EndGlobalSection
	GlobalSection(ExtensibilityGlobals) = postSolution
		SolutionGuid = {06D29E14-A981-446C-9D89-AD4B603B93C0}
	EndGlobalSection
EndGlobal
